# THIS IS AN AUTOGENERATED FILE. DO NOT EDIT THIS FILE DIRECTLY.
# yarn lockfile v1


"@hey-api/codegen-core@^0.3.3":
  version "0.3.3"
  resolved "https://registry.npmjs.org/@hey-api/codegen-core/-/codegen-core-0.3.3.tgz#a93d2a6b338a5525fe53be42c29e2dd839122e43"
  integrity sha512-vArVDtrvdzFewu1hnjUm4jX1NBITlSCeO81EdWq676MxQbyxsGcDPAgohaSA+Wvr4HjPSvsg2/1s2zYxUtXebg==

"@hey-api/json-schema-ref-parser@1.2.1":
  version "1.2.1"
  resolved "https://registry.npmjs.org/@hey-api/json-schema-ref-parser/-/json-schema-ref-parser-1.2.1.tgz#7268186964bfb24beb227e2d79e514fd0dd3c775"
  integrity sha512-inPeksRLq+j3ArnuGOzQPQE//YrhezQG0+9Y9yizScBN2qatJ78fIByhEgKdNAbtguDCn4RPxmEhcrePwHxs4A==
  dependencies:
    "@jsdevtools/ono" "^7.1.3"
    "@types/json-schema" "^7.0.15"
    js-yaml "^4.1.0"
    lodash "^4.17.21"

"@hey-api/openapi-ts@0.87.2":
  version "0.87.2"
  resolved "https://registry.npmjs.org/@hey-api/openapi-ts/-/openapi-ts-0.87.2.tgz#0762f62aeca7ba03f9887f4644655a8055b23789"
  integrity sha512-o5dnv4Gx37gAuzu/XxwoHtibg/oYUyusd2i47XId9NJQXh2PWj7liRy8FR+N2McF1fObr7h8DuntIHbtu/LD+w==
  dependencies:
    "@hey-api/codegen-core" "^0.3.3"
    "@hey-api/json-schema-ref-parser" "1.2.1"
    ansi-colors "4.1.3"
    c12 "3.3.1"
    color-support "1.1.3"
    commander "14.0.1"
    open "10.2.0"
    semver "7.7.2"

"@jsdevtools/ono@^7.1.3":
  version "7.1.3"
  resolved "https://registry.npmjs.org/@jsdevtools/ono/-/ono-7.1.3.tgz#9df03bbd7c696a5c58885c34aa06da41c8543796"
  integrity sha512-4JQNk+3mVzK3xh2rqd6RB4J46qUR19azEHBneZyTZM+c456qOrbbM/5xcR8huNCCcbVt7+UmizG6GuUvPvKUYg==

"@reverbia/portal@^1.0.0":
  version "1.0.0"
  resolved "https://registry.npmjs.org/@reverbia/portal/-/portal-1.0.0.tgz#a6f968f8c04eec7395226cbab9b10ae2c16b8281"
  integrity sha512-bpBqn/3v4IG5Df+ltdudWX0ebT3TTN/uKaHmKbxQ6fdU4HsOkkWuN5JIZxEq2tJhDlKA2w8BNMsRP/krmABhXQ==

"@types/json-schema@^7.0.15":
  version "7.0.15"
  resolved "https://registry.npmjs.org/@types/json-schema/-/json-schema-7.0.15.tgz#596a1747233694d50f6ad8a7869fcb6f56cf5841"
  integrity sha512-5+fP8P8MFNC+AyZCDxrB2pkZFPGzqQWUzpSeuuVLvm8VMcorNYavBqoFcxK8bQz4Qsbn4oUEEem4wDLfcysGHA==

ansi-colors@4.1.3:
  version "4.1.3"
  resolved "https://registry.npmjs.org/ansi-colors/-/ansi-colors-4.1.3.tgz#37611340eb2243e70cc604cad35d63270d48781b"
  integrity sha512-/6w/C21Pm1A7aZitlI5Ni/2J6FFQN8i1Cvz3kHABAAbw93v/NlvKdVOqz7CCWz/3iv/JplRSEEZ83XION15ovw==

argparse@^2.0.1:
  version "2.0.1"
  resolved "https://registry.npmjs.org/argparse/-/argparse-2.0.1.tgz#246f50f3ca78a3240f6c997e8a9bd1eac49e4b38"
  integrity sha512-8+9WqebbFzpX9OR+Wa6O29asIogeRMzcGtAINdpMHHyAg10f05aSFVBbcEqGf/PXw1EjAZ+q2/bEBg3DvurK3Q==

bundle-name@^4.1.0:
  version "4.1.0"
  resolved "https://registry.npmjs.org/bundle-name/-/bundle-name-4.1.0.tgz#f3b96b34160d6431a19d7688135af7cfb8797889"
  integrity sha512-tjwM5exMg6BGRI+kNmTntNsvdZS1X8BFYS6tnJ2hdH0kVxM6/eVZ2xy+FqStSWvYmtfFMDLIxurorHwDKfDz5Q==
  dependencies:
    run-applescript "^7.0.0"

c12@3.3.1:
  version "3.3.1"
  resolved "https://registry.npmjs.org/c12/-/c12-3.3.1.tgz#a100b50ecf1cd659b7bdcb2743f6ffe1dceb8a05"
  integrity sha512-LcWQ01LT9tkoUINHgpIOv3mMs+Abv7oVCrtpMRi1PaapVEpWoMga5WuT7/DqFTu7URP9ftbOmimNw1KNIGh9DQ==
  dependencies:
    chokidar "^4.0.3"
    confbox "^0.2.2"
    defu "^6.1.4"
    dotenv "^17.2.3"
    exsolve "^1.0.7"
    giget "^2.0.0"
    jiti "^2.6.1"
    ohash "^2.0.11"
    pathe "^2.0.3"
    perfect-debounce "^2.0.0"
    pkg-types "^2.3.0"
    rc9 "^2.1.2"

chokidar@^4.0.3:
  version "4.0.3"
  resolved "https://registry.npmjs.org/chokidar/-/chokidar-4.0.3.tgz#7be37a4c03c9aee1ecfe862a4a23b2c70c205d30"
  integrity sha512-Qgzu8kfBvo+cA4962jnP1KkS6Dop5NS6g7R5LFYJr4b8Ub94PPQXUksCw9PvXoeXPRRddRNC5C1JQUR2SMGtnA==
  dependencies:
    readdirp "^4.0.1"

citty@^0.1.6:
  version "0.1.6"
  resolved "https://registry.npmjs.org/citty/-/citty-0.1.6.tgz#0f7904da1ed4625e1a9ea7e0fa780981aab7c5e4"
  integrity sha512-tskPPKEs8D2KPafUypv2gxwJP8h/OaJmC82QQGGDQcHvXX43xF2VDACcJVmZ0EuSxkpO9Kc4MlrA3q0+FG58AQ==
  dependencies:
    consola "^3.2.3"

color-support@1.1.3:
  version "1.1.3"
  resolved "https://registry.npmjs.org/color-support/-/color-support-1.1.3.tgz#93834379a1cc9a0c61f82f52f0d04322251bd5a2"
  integrity sha512-qiBjkpbMLO/HL68y+lh4q0/O1MZFj2RX6X/KmMa3+gJD3z+WwI1ZzDHysvqHGS3mP6mznPckpXmw1nI9cJjyRg==

commander@14.0.1:
  version "14.0.1"
  resolved "https://registry.npmjs.org/commander/-/commander-14.0.1.tgz#2f9225c19e6ebd0dc4404dd45821b2caa17ea09b"
  integrity sha512-2JkV3gUZUVrbNA+1sjBOYLsMZ5cEEl8GTFP2a4AVz5hvasAMCQ1D2l2le/cX+pV4N6ZU17zjUahLpIXRrnWL8A==

confbox@^0.2.2:
  version "0.2.2"
  resolved "https://registry.npmjs.org/confbox/-/confbox-0.2.2.tgz#8652f53961c74d9e081784beed78555974a9c110"
  integrity sha512-1NB+BKqhtNipMsov4xI/NnhCKp9XG9NamYp5PVm9klAT0fsrNPjaFICsCFhNhwZJKNh7zB/3q8qXz0E9oaMNtQ==

consola@^3.2.3, consola@^3.4.0, consola@^3.4.2:
  version "3.4.2"
  resolved "https://registry.npmjs.org/consola/-/consola-3.4.2.tgz#5af110145397bb67afdab77013fdc34cae590ea7"
  integrity sha512-5IKcdX0nnYavi6G7TtOhwkYzyjfJlatbjMjuLSfE2kYT5pMDOilZ4OvMhi637CcDICTmz3wARPoyhqyX1Y+XvA==

default-browser-id@^5.0.0:
  version "5.0.0"
  resolved "https://registry.npmjs.org/default-browser-id/-/default-browser-id-5.0.0.tgz#a1d98bf960c15082d8a3fa69e83150ccccc3af26"
  integrity sha512-A6p/pu/6fyBcA1TRz/GqWYPViplrftcW2gZC9q79ngNCKAeR/X3gcEdXQHl4KNXV+3wgIJ1CPkJQ3IHM6lcsyA==

default-browser@^5.2.1:
  version "5.2.1"
  resolved "https://registry.npmjs.org/default-browser/-/default-browser-5.2.1.tgz#7b7ba61204ff3e425b556869ae6d3e9d9f1712cf"
  integrity sha512-WY/3TUME0x3KPYdRRxEJJvXRHV4PyPoUsxtZa78lwItwRQRHhd2U9xOscaT/YTf8uCXIAjeJOFBVEh/7FtD8Xg==
  dependencies:
    bundle-name "^4.1.0"
    default-browser-id "^5.0.0"

define-lazy-prop@^3.0.0:
  version "3.0.0"
  resolved "https://registry.npmjs.org/define-lazy-prop/-/define-lazy-prop-3.0.0.tgz#dbb19adfb746d7fc6d734a06b72f4a00d021255f"
  integrity sha512-N+MeXYoqr3pOgn8xfyRPREN7gHakLYjhsHhWGT3fWAiL4IkAt0iDw14QiiEm2bE30c5XX5q0FtAA3CK5f9/BUg==

defu@^6.1.4:
  version "6.1.4"
  resolved "https://registry.npmjs.org/defu/-/defu-6.1.4.tgz#4e0c9cf9ff68fe5f3d7f2765cc1a012dfdcb0479"
  integrity sha512-mEQCMmwJu317oSz8CwdIOdwf3xMif1ttiM8LTufzc3g6kR+9Pe236twL8j3IYT1F7GfRgGcW6MWxzZjLIkuHIg==

destr@^2.0.3:
  version "2.0.5"
  resolved "https://registry.npmjs.org/destr/-/destr-2.0.5.tgz#7d112ff1b925fb8d2079fac5bdb4a90973b51fdb"
  integrity sha512-ugFTXCtDZunbzasqBxrK93Ik/DRYsO6S/fedkWEMKqt04xZ4csmnmwGDBAb07QWNaGMAmnTIemsYZCksjATwsA==

dotenv@^17.2.3:
  version "17.2.3"
  resolved "https://registry.npmjs.org/dotenv/-/dotenv-17.2.3.tgz#ad995d6997f639b11065f419a22fabf567cdb9a2"
  integrity sha512-JVUnt+DUIzu87TABbhPmNfVdBDt18BLOWjMUFJMSi/Qqg7NTYtabbvSNJGOJ7afbRuv9D/lngizHtP7QyLQ+9w==

exsolve@^1.0.7:
  version "1.0.8"
  resolved "https://registry.npmjs.org/exsolve/-/exsolve-1.0.8.tgz#7f5e34da61cd1116deda5136e62292c096f50613"
  integrity sha512-LmDxfWXwcTArk8fUEnOfSZpHOJ6zOMUJKOtFLFqJLoKJetuQG874Uc7/Kki7zFLzYybmZhp1M7+98pfMqeX8yA==

giget@^2.0.0:
  version "2.0.0"
  resolved "https://registry.npmjs.org/giget/-/giget-2.0.0.tgz#395fc934a43f9a7a29a29d55b99f23e30c14f195"
  integrity sha512-L5bGsVkxJbJgdnwyuheIunkGatUF/zssUoxxjACCseZYAVbaqdh9Tsmmlkl8vYan09H7sbvKt4pS8GqKLBrEzA==
  dependencies:
    citty "^0.1.6"
    consola "^3.4.0"
    defu "^6.1.4"
    node-fetch-native "^1.6.6"
    nypm "^0.6.0"
    pathe "^2.0.3"

is-docker@^3.0.0:
  version "3.0.0"
  resolved "https://registry.npmjs.org/is-docker/-/is-docker-3.0.0.tgz#90093aa3106277d8a77a5910dbae71747e15a200"
  integrity sha512-eljcgEDlEns/7AXFosB5K/2nCM4P7FQPkGc/DWLy5rmFEWvZayGrik1d9/QIY5nJ4f9YsVvBkA6kJpHn9rISdQ==

is-inside-container@^1.0.0:
  version "1.0.0"
  resolved "https://registry.npmjs.org/is-inside-container/-/is-inside-container-1.0.0.tgz#e81fba699662eb31dbdaf26766a61d4814717ea4"
  integrity sha512-KIYLCCJghfHZxqjYBE7rEy0OBuTd5xCHS7tHVgvCLkx7StIoaxwNW3hCALgEUjFfeRk+MG/Qxmp/vtETEF3tRA==
  dependencies:
    is-docker "^3.0.0"

is-wsl@^3.1.0:
  version "3.1.0"
  resolved "https://registry.npmjs.org/is-wsl/-/is-wsl-3.1.0.tgz#e1c657e39c10090afcbedec61720f6b924c3cbd2"
  integrity sha512-UcVfVfaK4Sc4m7X3dUSoHoozQGBEFeDC+zVo06t98xe8CzHSZZBekNXH+tu0NalHolcJ/QAGqS46Hef7QXBIMw==
  dependencies:
    is-inside-container "^1.0.0"

jiti@^2.6.1:
  version "2.6.1"
  resolved "https://registry.npmjs.org/jiti/-/jiti-2.6.1.tgz#178ef2fc9a1a594248c20627cd820187a4d78d92"
  integrity sha512-ekilCSN1jwRvIbgeg/57YFh8qQDNbwDb9xT/qu2DAHbFFZUicIl4ygVaAvzveMhMVr3LnpSKTNnwt8PoOfmKhQ==

js-yaml@^4.1.0:
  version "4.1.0"
  resolved "https://registry.npmjs.org/js-yaml/-/js-yaml-4.1.0.tgz#c1fb65f8f5017901cdd2c951864ba18458a10602"
  integrity sha512-wpxZs9NoxZaJESJGIZTyDEaYpl0FKSA+FB9aJiyemKhMwkxQg63h4T1KJgUGHpTqPDNRcmmYLugrRjJlBtWvRA==
  dependencies:
    argparse "^2.0.1"

lodash@^4.17.21:
  version "4.17.21"
  resolved "https://registry.npmjs.org/lodash/-/lodash-4.17.21.tgz#679591c564c3bffaae8454cf0b3df370c3d6911c"
  integrity sha512-v2kDEe57lecTulaDIuNTPy3Ry4gLGJ6Z1O3vE1krgXZNrsQ+LFTGHVxVjcXPs17LhbZVGedAJv8XZ1tvj5FvSg==

node-fetch-native@^1.6.6:
  version "1.6.7"
  resolved "https://registry.npmjs.org/node-fetch-native/-/node-fetch-native-1.6.7.tgz#9d09ca63066cc48423211ed4caf5d70075d76a71"
  integrity sha512-g9yhqoedzIUm0nTnTqAQvueMPVOuIY16bqgAJJC8XOOubYFNwz6IER9qs0Gq2Xd0+CecCKFjtdDTMA4u4xG06Q==

nypm@^0.6.0:
  version "0.6.2"
  resolved "https://registry.npmjs.org/nypm/-/nypm-0.6.2.tgz#467512024948398fafa73cea30a3ed9efc5af071"
  integrity sha512-7eM+hpOtrKrBDCh7Ypu2lJ9Z7PNZBdi/8AT3AX8xoCj43BBVHD0hPSTEvMtkMpfs8FCqBGhxB+uToIQimA111g==
  dependencies:
    citty "^0.1.6"
    consola "^3.4.2"
    pathe "^2.0.3"
    pkg-types "^2.3.0"
    tinyexec "^1.0.1"

ohash@^2.0.11:
  version "2.0.11"
  resolved "https://registry.npmjs.org/ohash/-/ohash-2.0.11.tgz#60b11e8cff62ca9dee88d13747a5baa145f5900b"
  integrity sha512-RdR9FQrFwNBNXAr4GixM8YaRZRJ5PUWbKYbE5eOsrwAjJW0q2REGcf79oYPsLyskQCZG1PLN+S/K1V00joZAoQ==

open@10.2.0:
  version "10.2.0"
  resolved "https://registry.npmjs.org/open/-/open-10.2.0.tgz#b9d855be007620e80b6fb05fac98141fe62db73c"
  integrity sha512-YgBpdJHPyQ2UE5x+hlSXcnejzAvD0b22U2OuAP+8OnlJT+PjWPxtgmGqKKc+RgTM63U9gN0YzrYc71R2WT/hTA==
  dependencies:
    default-browser "^5.2.1"
    define-lazy-prop "^3.0.0"
    is-inside-container "^1.0.0"
    wsl-utils "^0.1.0"

pathe@^2.0.3:
  version "2.0.3"
  resolved "https://registry.npmjs.org/pathe/-/pathe-2.0.3.tgz#3ecbec55421685b70a9da872b2cff3e1cbed1716"
  integrity sha512-WUjGcAqP1gQacoQe+OBJsFA7Ld4DyXuUIjZ5cc75cLHvJ7dtNsTugphxIADwspS+AraAUePCKrSVtPLFj/F88w==

perfect-debounce@^2.0.0:
  version "2.0.0"
  resolved "https://registry.npmjs.org/perfect-debounce/-/perfect-debounce-2.0.0.tgz#0ff94f1ecbe0a6bca4b1703a2ed08bbe43739aa7"
  integrity sha512-fkEH/OBiKrqqI/yIgjR92lMfs2K8105zt/VT6+7eTjNwisrsh47CeIED9z58zI7DfKdH3uHAn25ziRZn3kgAow==

pkg-types@^2.3.0:
  version "2.3.0"
  resolved "https://registry.npmjs.org/pkg-types/-/pkg-types-2.3.0.tgz#037f2c19bd5402966ff6810e32706558cb5b5726"
  integrity sha512-SIqCzDRg0s9npO5XQ3tNZioRY1uK06lA41ynBC1YmFTmnY6FjUjVt6s4LoADmwoig1qqD0oK8h1p/8mlMx8Oig==
  dependencies:
    confbox "^0.2.2"
    exsolve "^1.0.7"
    pathe "^2.0.3"

rc9@^2.1.2:
  version "2.1.2"
  resolved "https://registry.npmjs.org/rc9/-/rc9-2.1.2.tgz#6282ff638a50caa0a91a31d76af4a0b9cbd1080d"
  integrity sha512-btXCnMmRIBINM2LDZoEmOogIZU7Qe7zn4BpomSKZ/ykbLObuBdvG+mFq11DL6fjH1DRwHhrlgtYWG96bJiC7Cg==
  dependencies:
    defu "^6.1.4"
    destr "^2.0.3"

readdirp@^4.0.1:
  version "4.1.2"
  resolved "https://registry.npmjs.org/readdirp/-/readdirp-4.1.2.tgz#eb85801435fbf2a7ee58f19e0921b068fc69948d"
  integrity sha512-GDhwkLfywWL2s6vEjyhri+eXmfH6j1L7JE27WhqLeYzoh/A3DBaYGEj2H/HFZCn/kMfim73FXxEJTw06WtxQwg==

run-applescript@^7.0.0:
  version "7.1.0"
  resolved "https://registry.npmjs.org/run-applescript/-/run-applescript-7.1.0.tgz#2e9e54c4664ec3106c5b5630e249d3d6595c4911"
  integrity sha512-DPe5pVFaAsinSaV6QjQ6gdiedWDcRCbUuiQfQa2wmWV7+xC9bGulGI8+TdRmoFkAPaBXk8CrAbnlY2ISniJ47Q==

semver@7.7.2:
  version "7.7.2"
  resolved "https://registry.npmjs.org/semver/-/semver-7.7.2.tgz#67d99fdcd35cec21e6f8b87a7fd515a33f982b58"
  integrity sha512-RF0Fw+rO5AMf9MAyaRXI4AV0Ulj5lMHqVxxdSgiVbixSCXoEmmX/jk0CuJw4+3SqroYO9VoUh+HcuJivvtJemA==

tinyexec@^1.0.1:
  version "1.0.2"
  resolved "https://registry.npmjs.org/tinyexec/-/tinyexec-1.0.2.tgz#bdd2737fe2ba40bd6f918ae26642f264b99ca251"
  integrity sha512-W/KYk+NFhkmsYpuHq5JykngiOCnxeVL8v8dFnqxSD8qEEdRfXk1SDM6JzNqcERbcGYj9tMrDQBYV9cjgnunFIg==

typescript@^5.9.3:
  version "5.9.3"
  resolved "https://registry.npmjs.org/typescript/-/typescript-5.9.3.tgz#5b4f59e15310ab17a216f5d6cf53ee476ede670f"
  integrity sha512-jl1vZzPDinLr9eUt3J/t7V6FgNEw9QjvBPdysz9KfQDD41fQrC2Y4vKQdiaUpFT4bXlb1RHhLpp8wtm6M5TgSw==

wsl-utils@^0.1.0:
  version "0.1.0"
  resolved "https://registry.npmjs.org/wsl-utils/-/wsl-utils-0.1.0.tgz#8783d4df671d4d50365be2ee4c71917a0557baab"
  integrity sha512-h3Fbisa2nKGPxCpm89Hk33lBLsnaGBvctQopaBSOW/uIs6FTe1ATyAnKFJrzVs9vpGdsTe73WF3V4lIsk4Gacw==
  dependencies:
    is-wsl "^3.1.0"
