# THIS IS AN AUTOGENERATED FILE. DO NOT EDIT THIS FILE DIRECTLY.
# yarn lockfile v1


"@reverbia/portal@^1.0.0":
  version "1.0.0"
  resolved "https://registry.npmjs.org/@reverbia/portal/-/portal-1.0.0.tgz#a6f968f8c04eec7395226cbab9b10ae2c16b8281"
  integrity sha512-bpBqn/3v4IG5Df+ltdudWX0ebT3TTN/uKaHmKbxQ6fdU4HsOkkWuN5JIZxEq2tJhDlKA2w8BNMsRP/krmABhXQ==
